
Microsoft Visual Studio Solution File, Format Version 12.00
# Visual Studio 15
VisualStudioVersion = 15.0.28307.539
MinimumVisualStudioVersion = 10.0.40219.1
Project("{FAE04EC0-301F-11D3-BF4B-00C04F79EFBC}") = "TennisKata", "TennisKata\TennisKata.csproj", "{5BECD700-81BF-4E62-A300-2BAFB27531EC}"
EndProject
Global
	GlobalSection(SolutionConfigurationPlatforms) = preSolution
		Debug|Any CPU = Debug|Any CPU
		Release|Any CPU = Release|Any CPU
	EndGlobalSection
	GlobalSection(ProjectConfigurationPlatforms) = postSolution
		{5BECD700-81BF-4E62-A300-2BAFB27531EC}.Debug|Any CPU.ActiveCfg = Debug|Any CPU
		{5BECD700-81BF-4E62-A300-2BAFB27531EC}.Debug|Any CPU.Build.0 = Debug|Any CPU
		{5BECD700-81BF-4E62-A300-2BAFB27531EC}.Release|Any CPU.ActiveCfg = Release|Any CPU
		{5BECD700-81BF-4E62-A300-2BAFB27531EC}.Release|Any CPU.Build.0 = Release|Any CPU
	EndGlobalSection
	GlobalSection(SolutionProperties) = preSolution
		HideSolutionNode = FALSE
	EndGlobalSection
	GlobalSection(ExtensibilityGlobals) = postSolution
		SolutionGuid = {4FF0AE40-BA9E-4BA3-94C8-DADC37E06C89}
	EndGlobalSection
EndGlobal
